{
  "name": "project-auth-parent",
  "version": "1.0.0",
  "lockfileVersion": 1,
  "requires": true,
  "dependencies": {
    "@emotion/is-prop-valid": {
      "version": "0.8.8",
      "resolved": "https://registry.npmjs.org/@emotion/is-prop-valid/-/is-prop-valid-0.8.8.tgz",
      "integrity": "sha512-u5WtneEAr5IDG2Wv65yhunPSMLIpuKsbuOktRojfrEiEvRyC85LgPMZI63cr7NUqT8ZIGdSVg8ZKGxIug4lXcA==",
      "optional": true,
      "requires": {
        "@emotion/memoize": "0.7.4"
      }
    },
    "@emotion/memoize": {
      "version": "0.7.4",
      "resolved": "https://registry.npmjs.org/@emotion/memoize/-/memoize-0.7.4.tgz",
      "integrity": "sha512-Ja/Vfqe3HpuzRsG1oBtWTHk2PGZ7GR+2Vz5iYGelAw8dx32K0y7PjVuxK6z1nMpZOqAFsRUPCkK1YjJ56qJlgw==",
      "optional": true
    },
    "es6-object-assign": {
      "version": "1.1.0",
      "resolved": "https://registry.npmjs.org/es6-object-assign/-/es6-object-assign-1.1.0.tgz",
      "integrity": "sha1-wsNYJlYkfDnqEHyx5mUrb58kUjw="
    },
    "express-list-endpoints": {
      "version": "5.0.0",
      "resolved": "https://registry.npmjs.org/express-list-endpoints/-/express-list-endpoints-5.0.0.tgz",
      "integrity": "sha512-bjypzWA7AQ64VNLbQ3GqwDzLxqK1NIHFRJvFDb7wg0S7YwquI8l8XZsmF0yiEA22gN+p+G6+1KDcXxb6Dn3OaA=="
    },
    "framer-motion": {
      "version": "3.3.0",
      "resolved": "https://registry.npmjs.org/framer-motion/-/framer-motion-3.3.0.tgz",
      "integrity": "sha512-bjUrwXfMJZ6D+HSMDiXbMGKmlWGnUux8HotWgORTZkdPTgKAndlRXjeC2ikCgNVo2ifmRvEla5ckP9JaZc7JKA==",
      "requires": {
        "@emotion/is-prop-valid": "^0.8.2",
        "framesync": "^5.0.0",
        "hey-listen": "^1.0.8",
        "popmotion": "^9.1.0",
        "style-value-types": "^4.0.1",
        "tslib": "^1.10.0"
      }
    },
    "framesync": {
      "version": "5.0.0",
      "resolved": "https://registry.npmjs.org/framesync/-/framesync-5.0.0.tgz",
      "integrity": "sha512-wd8t+JsQGisluSv1twiEeDv0aNGpavGb9q7xgIk9fGbcIWkNXF/KVtrjnOrCwBWJuiXxlJfNkcvGudsI32FxYA=="
    },
    "hey-listen": {
      "version": "1.0.8",
      "resolved": "https://registry.npmjs.org/hey-listen/-/hey-listen-1.0.8.tgz",
      "integrity": "sha512-COpmrF2NOg4TBWUJ5UVyaCU2A88wEMkUPK4hNqyCkqHbxT92BbvfjoSozkAIIm6XhicGlJHhFdullInrdhwU8Q=="
    },
    "js-tokens": {
      "version": "4.0.0",
      "resolved": "https://registry.npmjs.org/js-tokens/-/js-tokens-4.0.0.tgz",
      "integrity": "sha512-RdJUflcE3cUzKiMqQgsCu06FPu9UdIJO0beYbPhHN4k6apgJtifcoCtT9bcxOpYBtpD2kCM6Sbzg4CausW/PKQ=="
    },
    "loose-envify": {
      "version": "1.4.0",
      "resolved": "https://registry.npmjs.org/loose-envify/-/loose-envify-1.4.0.tgz",
      "integrity": "sha512-lyuxPGr/Wfhrlem2CL/UcnUc1zcqKAImBDzukY7Y5F/yQiNdko6+fRLevlw1HgMySw7f611UIY408EtxRSoK3Q==",
      "requires": {
        "js-tokens": "^3.0.0 || ^4.0.0"
      }
    },
    "moment": {
      "version": "2.29.1",
      "resolved": "https://registry.npmjs.org/moment/-/moment-2.29.1.tgz",
      "integrity": "sha512-kHmoybcPV8Sqy59DwNDY3Jefr64lK/by/da0ViFcuA4DH0vQg5Q6Ze5VimxkfQNSC+Mls/Kx53s7TjP1RhFEDQ=="
    },
    "object-assign": {
      "version": "4.1.1",
      "resolved": "https://registry.npmjs.org/object-assign/-/object-assign-4.1.1.tgz",
      "integrity": "sha1-IQmtx5ZYh8/AXLvUQsrIv7s2CGM="
    },
    "popmotion": {
      "version": "9.1.0",
      "resolved": "https://registry.npmjs.org/popmotion/-/popmotion-9.1.0.tgz",
      "integrity": "sha512-+J7pzzBy5kk2qsP8ilowKs/CH+HoZa3kOGEBNCleCvsPXEF3nKHdfAR3SboMyPvdpIrofaT7ZIy/xWgz446Azw==",
      "requires": {
        "framesync": "5.0.0",
        "hey-listen": "^1.0.8",
        "style-value-types": "^4.0.1",
        "tslib": "^1.10.0"
      }
    },
    "promise-polyfill": {
      "version": "6.1.0",
      "resolved": "https://registry.npmjs.org/promise-polyfill/-/promise-polyfill-6.1.0.tgz",
      "integrity": "sha1-36lpQ+qcEh/KTem1hoyznTRy4Fc="
    },
    "prop-types": {
      "version": "15.7.2",
      "resolved": "https://registry.npmjs.org/prop-types/-/prop-types-15.7.2.tgz",
      "integrity": "sha512-8QQikdH7//R2vurIJSutZ1smHYTcLpRWEOlHnzcWHmBYrOGUysKwSsrC89BCiFj3CbrfJ/nXFdJepOVrY1GCHQ==",
      "requires": {
        "loose-envify": "^1.4.0",
        "object-assign": "^4.1.1",
        "react-is": "^16.8.1"
      }
    },
    "react-is": {
      "version": "16.13.1",
      "resolved": "https://registry.npmjs.org/react-is/-/react-is-16.13.1.tgz",
      "integrity": "sha512-24e6ynE2H+OKt4kqsOvNd8kBpV65zoxbA4BVsEOB3ARVWQki/DHzaUoC5KuON/BiccDaCCTZBuOcfZs70kR8bQ=="
    },
    "react-reveal": {
      "version": "1.2.2",
      "resolved": "https://registry.npmjs.org/react-reveal/-/react-reveal-1.2.2.tgz",
      "integrity": "sha512-JCv3fAoU6Z+Lcd8U48bwzm4pMZ79qsedSXYwpwt6lJNtj/v5nKJYZZbw3yhaQPPgYePo3Y0NOCoYOq/jcsisuw==",
      "requires": {
        "prop-types": "^15.5.10"
      }
    },
    "react-reveal-effects": {
      "version": "1.0.10",
      "resolved": "https://registry.npmjs.org/react-reveal-effects/-/react-reveal-effects-1.0.10.tgz",
      "integrity": "sha512-5hFxbLJrGFsg0n2Qac07EcJIcc9akh/cQ0eTUuBV345LVL3JHeRwkf3rQSqgqK37SI7/pmjNSLChrzU/qmXcXg==",
      "requires": {
        "prop-types": "^15.7.2"
      }
    },
    "style-value-types": {
      "version": "4.0.1",
      "resolved": "https://registry.npmjs.org/style-value-types/-/style-value-types-4.0.1.tgz",
      "integrity": "sha512-aOV/HHyynIyTmU27qfs0oAHhFde6BFIvV4+nMerE2MAPZMwYOeQk1/F3S6djxF2u4HdbiieCPs3ZzWsbNUoc9A==",
      "requires": {
        "hey-listen": "^1.0.8",
        "tslib": "^1.10.0"
      }
    },
    "sweetalert": {
      "version": "2.1.2",
      "resolved": "https://registry.npmjs.org/sweetalert/-/sweetalert-2.1.2.tgz",
      "integrity": "sha512-iWx7X4anRBNDa/a+AdTmvAzQtkN1+s4j/JJRWlHpYE8Qimkohs8/XnFcWeYHH2lMA8LRCa5tj2d244If3S/hzA==",
      "requires": {
        "es6-object-assign": "^1.1.0",
        "promise-polyfill": "^6.0.2"
      }
    },
    "tslib": {
      "version": "1.14.1",
      "resolved": "https://registry.npmjs.org/tslib/-/tslib-1.14.1.tgz",
      "integrity": "sha512-Xni35NKzjgMrwevysHTCArtLDpPvye8zV/0E4EyYn43P7/7qvQwPh9BGkHewbMulVntbigmcT7rdX3BNo9wRJg=="
    }
  }
}
